
Microsoft Visual Studio Solution File, Format Version 12.00
# Visual Studio Version 17
VisualStudioVersion = 17.12.35527.113
MinimumVisualStudioVersion = 10.0.40219.1
Project("{FAE04EC0-301F-11D3-BF4B-00C04F79EFBC}") = "BioProjekt.Api", "BioProjekt.Api\BioProjekt.Api.csproj", "{E4BED7A4-FC35-41D9-AF74-A07227C7C6DD}"
EndProject
Project("{FAE04EC0-301F-11D3-BF4B-00C04F79EFBC}") = "BioProjekt.web", "BioProjekt.web\BioProjekt.web.csproj", "{F38687B3-9FD9-4F49-A6BB-6436D83E3635}"
EndProject
Project("{FAE04EC0-301F-11D3-BF4B-00C04F79EFBC}") = "BioProjektTest", "BioProjektTest\BioProjektTest.csproj", "{DA40FDD3-DCBA-4DA5-A558-B1E0E97A0B9B}"
EndProject
Project("{FAE04EC0-301F-11D3-BF4B-00C04F79EFBC}") = "BioProjektModels", "BioProjektModels\BioProjektModels.csproj", "{145194C4-7C98-4C9E-9F53-E60DE56EA2C9}"
EndProject
Project("{FAE04EC0-301F-11D3-BF4B-00C04F79EFBC}") = "DataAccess", "ClassLibrary1\DataAccess.csproj", "{A8233C9D-7B4E-4161-8BC2-B34EAC7F5F08}"
EndProject
Global
	GlobalSection(SolutionConfigurationPlatforms) = preSolution
		Debug|Any CPU = Debug|Any CPU
		Release|Any CPU = Release|Any CPU
	EndGlobalSection
	GlobalSection(ProjectConfigurationPlatforms) = postSolution
		{E4BED7A4-FC35-41D9-AF74-A07227C7C6DD}.Debug|Any CPU.ActiveCfg = Debug|Any CPU
		{E4BED7A4-FC35-41D9-AF74-A07227C7C6DD}.Debug|Any CPU.Build.0 = Debug|Any CPU
		{E4BED7A4-FC35-41D9-AF74-A07227C7C6DD}.Release|Any CPU.ActiveCfg = Release|Any CPU
		{E4BED7A4-FC35-41D9-AF74-A07227C7C6DD}.Release|Any CPU.Build.0 = Release|Any CPU
		{F38687B3-9FD9-4F49-A6BB-6436D83E3635}.Debug|Any CPU.ActiveCfg = Debug|Any CPU
		{F38687B3-9FD9-4F49-A6BB-6436D83E3635}.Debug|Any CPU.Build.0 = Debug|Any CPU
		{F38687B3-9FD9-4F49-A6BB-6436D83E3635}.Release|Any CPU.ActiveCfg = Release|Any CPU
		{F38687B3-9FD9-4F49-A6BB-6436D83E3635}.Release|Any CPU.Build.0 = Release|Any CPU
		{DA40FDD3-DCBA-4DA5-A558-B1E0E97A0B9B}.Debug|Any CPU.ActiveCfg = Debug|Any CPU
		{DA40FDD3-DCBA-4DA5-A558-B1E0E97A0B9B}.Debug|Any CPU.Build.0 = Debug|Any CPU
		{DA40FDD3-DCBA-4DA5-A558-B1E0E97A0B9B}.Release|Any CPU.ActiveCfg = Release|Any CPU
		{DA40FDD3-DCBA-4DA5-A558-B1E0E97A0B9B}.Release|Any CPU.Build.0 = Release|Any CPU
		{145194C4-7C98-4C9E-9F53-E60DE56EA2C9}.Debug|Any CPU.ActiveCfg = Debug|Any CPU
		{145194C4-7C98-4C9E-9F53-E60DE56EA2C9}.Debug|Any CPU.Build.0 = Debug|Any CPU
		{145194C4-7C98-4C9E-9F53-E60DE56EA2C9}.Release|Any CPU.ActiveCfg = Release|Any CPU
		{145194C4-7C98-4C9E-9F53-E60DE56EA2C9}.Release|Any CPU.Build.0 = Release|Any CPU
		{A8233C9D-7B4E-4161-8BC2-B34EAC7F5F08}.Debug|Any CPU.ActiveCfg = Debug|Any CPU
		{A8233C9D-7B4E-4161-8BC2-B34EAC7F5F08}.Debug|Any CPU.Build.0 = Debug|Any CPU
		{A8233C9D-7B4E-4161-8BC2-B34EAC7F5F08}.Release|Any CPU.ActiveCfg = Release|Any CPU
		{A8233C9D-7B4E-4161-8BC2-B34EAC7F5F08}.Release|Any CPU.Build.0 = Release|Any CPU
	EndGlobalSection
	GlobalSection(SolutionProperties) = preSolution
		HideSolutionNode = FALSE
	EndGlobalSection
	GlobalSection(ExtensibilityGlobals) = postSolution
		SolutionGuid = {02C922F1-784F-4912-BA38-C5A587A965CC}
	EndGlobalSection
EndGlobal
