
Microsoft Visual Studio Solution File, Format Version 12.00
# Visual Studio Version 17
VisualStudioVersion = 17.12.35527.113 d17.12
MinimumVisualStudioVersion = 10.0.40219.1
Project("{FAE04EC0-301F-11D3-BF4B-00C04F79EFBC}") = "WebShopModel", "WebShopModel\WebShopModel.csproj", "{ED502AE0-63D2-459D-9391-58A8D547BB2E}"
EndProject
Project("{FAE04EC0-301F-11D3-BF4B-00C04F79EFBC}") = "WebShopTests", "WebShopTests\WebShopTests.csproj", "{CBEAA3FA-3E43-4257-A166-B84109868FE7}"
EndProject
Global
	GlobalSection(SolutionConfigurationPlatforms) = preSolution
		Debug|Any CPU = Debug|Any CPU
		Release|Any CPU = Release|Any CPU
	EndGlobalSection
	GlobalSection(ProjectConfigurationPlatforms) = postSolution
		{ED502AE0-63D2-459D-9391-58A8D547BB2E}.Debug|Any CPU.ActiveCfg = Debug|Any CPU
		{ED502AE0-63D2-459D-9391-58A8D547BB2E}.Debug|Any CPU.Build.0 = Debug|Any CPU
		{ED502AE0-63D2-459D-9391-58A8D547BB2E}.Release|Any CPU.ActiveCfg = Release|Any CPU
		{ED502AE0-63D2-459D-9391-58A8D547BB2E}.Release|Any CPU.Build.0 = Release|Any CPU
		{CBEAA3FA-3E43-4257-A166-B84109868FE7}.Debug|Any CPU.ActiveCfg = Debug|Any CPU
		{CBEAA3FA-3E43-4257-A166-B84109868FE7}.Debug|Any CPU.Build.0 = Debug|Any CPU
		{CBEAA3FA-3E43-4257-A166-B84109868FE7}.Release|Any CPU.ActiveCfg = Release|Any CPU
		{CBEAA3FA-3E43-4257-A166-B84109868FE7}.Release|Any CPU.Build.0 = Release|Any CPU
	EndGlobalSection
	GlobalSection(SolutionProperties) = preSolution
		HideSolutionNode = FALSE
	EndGlobalSection
EndGlobal
